// !$*UTF8*$!
{
	archiveVersion = 1;
	classes = {
	};
	objectVersion = 48;
	objects = {

/* Begin PBXBuildFile section */
		0A4A543E1FE9409800DA4F22 /* Models.scnassets in Resources */ = {isa = PBXBuildFile; fileRef = 0A4A543D1FE9409800DA4F22 /* Models.scnassets */; };
		0AD605CB2002C5B700908043 /* CubeScript.swift in Sources */ = {isa = PBXBuildFile; fileRef = 0AD605CA2002C5B700908043 /* CubeScript.swift */; };
		0AE6AD142004F48800764C16 /* ShipScript.swift in Sources */ = {isa = PBXBuildFile; fileRef = 0AE6AD132004F48800764C16 /* ShipScript.swift */; };
		0AFB89AD2036F7E700211E07 /* UnityKit.framework in Frameworks */ = {isa = PBXBuildFile; fileRef = 0AFB89AC2036F7E700211E07 /* UnityKit.framework */; };
		0AFB89AE2036F7E700211E07 /* UnityKit.framework in Embed Frameworks */ = {isa = PBXBuildFile; fileRef = 0AFB89AC2036F7E700211E07 /* UnityKit.framework */; settings = {ATTRIBUTES = (CodeSignOnCopy, RemoveHeadersOnCopy, ); }; };
		4935459C1FE85703003440E3 /* AppDelegate.swift in Sources */ = {isa = PBXBuildFile; fileRef = 4935459B1FE85703003440E3 /* AppDelegate.swift */; };
		4935459E1FE85703003440E3 /* ViewController.swift in Sources */ = {isa = PBXBuildFile; fileRef = 4935459D1FE85703003440E3 /* ViewController.swift */; };
		493545A11FE85703003440E3 /* Main.storyboard in Resources */ = {isa = PBXBuildFile; fileRef = 4935459F1FE85703003440E3 /* Main.storyboard */; };
		493545A31FE85703003440E3 /* Assets.xcassets in Resources */ = {isa = PBXBuildFile; fileRef = 493545A21FE85703003440E3 /* Assets.xcassets */; };
		493545A61FE85703003440E3 /* LaunchScreen.storyboard in Resources */ = {isa = PBXBuildFile; fileRef = 493545A41FE85703003440E3 /* LaunchScreen.storyboard */; };
		6D2A806505B9FB951242D305 /* Pods_UnityKitDemo.framework in Frameworks */ = {isa = PBXBuildFile; fileRef = 0F5159BC4A4B99B871FD0C8E /* Pods_UnityKitDemo.framework */; };
/* End PBXBuildFile section */

/* Begin PBXCopyFilesBuildPhase section */
		493545D41FE857EF003440E3 /* Embed Frameworks */ = {
			isa = PBXCopyFilesBuildPhase;
			buildActionMask = 2147483647;
			dstPath = "";
			dstSubfolderSpec = 10;
			files = (
				0AFB89AE2036F7E700211E07 /* UnityKit.framework in Embed Frameworks */,
			);
			name = "Embed Frameworks";
			runOnlyForDeploymentPostprocessing = 0;
		};
/* End PBXCopyFilesBuildPhase section */

/* Begin PBXFileReference section */
		0A4A543D1FE9409800DA4F22 /* Models.scnassets */ = {isa = PBXFileReference; lastKnownFileType = wrapper.scnassets; path = Models.scnassets; sourceTree = "<group>"; };
		0AD605CA2002C5B700908043 /* CubeScript.swift */ = {isa = PBXFileReference; fileEncoding = 4; lastKnownFileType = sourcecode.swift; path = CubeScript.swift; sourceTree = "<group>"; };
		0AE6AD132004F48800764C16 /* ShipScript.swift */ = {isa = PBXFileReference; fileEncoding = 4; lastKnownFileType = sourcecode.swift; path = ShipScript.swift; sourceTree = "<group>"; };
		0AFB89AC2036F7E700211E07 /* UnityKit.framework */ = {isa = PBXFileReference; explicitFileType = wrapper.framework; path = UnityKit.framework; sourceTree = BUILT_PRODUCTS_DIR; };
		0F5159BC4A4B99B871FD0C8E /* Pods_UnityKitDemo.framework */ = {isa = PBXFileReference; explicitFileType = wrapper.framework; includeInIndex = 0; path = Pods_UnityKitDemo.framework; sourceTree = BUILT_PRODUCTS_DIR; };
		493545981FE85703003440E3 /* UnityKitDemo.app */ = {isa = PBXFileReference; explicitFileType = wrapper.application; includeInIndex = 0; path = UnityKitDemo.app; sourceTree = BUILT_PRODUCTS_DIR; };
		4935459B1FE85703003440E3 /* AppDelegate.swift */ = {isa = PBXFileReference; fileEncoding = 4; lastKnownFileType = sourcecode.swift; path = AppDelegate.swift; sourceTree = "<group>"; };
		4935459D1FE85703003440E3 /* ViewController.swift */ = {isa = PBXFileReference; fileEncoding = 4; lastKnownFileType = sourcecode.swift; path = ViewController.swift; sourceTree = "<group>"; };
		493545A01FE85703003440E3 /* Base */ = {isa = PBXFileReference; lastKnownFileType = file.storyboard; name = Base; path = Base.lproj/Main.storyboard; sourceTree = "<group>"; };
		493545A21FE85703003440E3 /* Assets.xcassets */ = {isa = PBXFileReference; lastKnownFileType = folder.assetcatalog; path = Assets.xcassets; sourceTree = "<group>"; };
		493545A51FE85703003440E3 /* Base */ = {isa = PBXFileReference; lastKnownFileType = file.storyboard; name = Base; path = Base.lproj/LaunchScreen.storyboard; sourceTree = "<group>"; };
		493545A71FE85703003440E3 /* Info.plist */ = {isa = PBXFileReference; lastKnownFileType = text.plist.xml; path = Info.plist; sourceTree = "<group>"; };
		7B832817166B52F0B6C6EDD8 /* Pods-UnityKitDemo.release.xcconfig */ = {isa = PBXFileReference; includeInIndex = 1; lastKnownFileType = text.xcconfig; name = "Pods-UnityKitDemo.release.xcconfig"; path = "../Pods/Target Support Files/Pods-UnityKitDemo/Pods-UnityKitDemo.release.xcconfig"; sourceTree = "<group>"; };
		B442AA3ACE167BAA9F810A88 /* Pods-UnityKitDemo.debug.xcconfig */ = {isa = PBXFileReference; includeInIndex = 1; lastKnownFileType = text.xcconfig; name = "Pods-UnityKitDemo.debug.xcconfig"; path = "../Pods/Target Support Files/Pods-UnityKitDemo/Pods-UnityKitDemo.debug.xcconfig"; sourceTree = "<group>"; };
/* End PBXFileReference section */

/* Begin PBXFrameworksBuildPhase section */
		493545951FE85703003440E3 /* Frameworks */ = {
			isa = PBXFrameworksBuildPhase;
			buildActionMask = 2147483647;
			files = (
				0AFB89AD2036F7E700211E07 /* UnityKit.framework in Frameworks */,
				6D2A806505B9FB951242D305 /* Pods_UnityKitDemo.framework in Frameworks */,
			);
			runOnlyForDeploymentPostprocessing = 0;
		};
/* End PBXFrameworksBuildPhase section */

/* Begin PBXGroup section */
		0AD605C92002C5A600908043 /* Scripts */ = {
			isa = PBXGroup;
			children = (
				0AD605CA2002C5B700908043 /* CubeScript.swift */,
				0AE6AD132004F48800764C16 /* ShipScript.swift */,
			);
			path = Scripts;
			sourceTree = "<group>";
		};
		4935458F1FE85703003440E3 = {
			isa = PBXGroup;
			children = (
				0AFB89AC2036F7E700211E07 /* UnityKit.framework */,
				4935459A1FE85703003440E3 /* UnityKitDemo */,
				493545991FE85703003440E3 /* Products */,
				ECD4E7514ABE521898778489 /* Pods */,
				B32B9FDCC38556480A9B172D /* Frameworks */,
			);
			sourceTree = "<group>";
		};
		493545991FE85703003440E3 /* Products */ = {
			isa = PBXGroup;
			children = (
				493545981FE85703003440E3 /* UnityKitDemo.app */,
			);
			name = Products;
			sourceTree = "<group>";
		};
		4935459A1FE85703003440E3 /* UnityKitDemo */ = {
			isa = PBXGroup;
			children = (
				4935459B1FE85703003440E3 /* AppDelegate.swift */,
				4935459D1FE85703003440E3 /* ViewController.swift */,
				0AD605C92002C5A600908043 /* Scripts */,
				4935459F1FE85703003440E3 /* Main.storyboard */,
				493545A21FE85703003440E3 /* Assets.xcassets */,
				0A4A543D1FE9409800DA4F22 /* Models.scnassets */,
				493545A41FE85703003440E3 /* LaunchScreen.storyboard */,
				493545A71FE85703003440E3 /* Info.plist */,
			);
			path = UnityKitDemo;
			sourceTree = "<group>";
		};
		B32B9FDCC38556480A9B172D /* Frameworks */ = {
			isa = PBXGroup;
			children = (
				0F5159BC4A4B99B871FD0C8E /* Pods_UnityKitDemo.framework */,
			);
			name = Frameworks;
			sourceTree = "<group>";
		};
		ECD4E7514ABE521898778489 /* Pods */ = {
			isa = PBXGroup;
			children = (
				B442AA3ACE167BAA9F810A88 /* Pods-UnityKitDemo.debug.xcconfig */,
				7B832817166B52F0B6C6EDD8 /* Pods-UnityKitDemo.release.xcconfig */,
			);
			name = Pods;
			sourceTree = "<group>";
		};
/* End PBXGroup section */

/* Begin PBXNativeTarget section */
		493545971FE85703003440E3 /* UnityKitDemo */ = {
			isa = PBXNativeTarget;
			buildConfigurationList = 493545AA1FE85703003440E3 /* Build configuration list for PBXNativeTarget "UnityKitDemo" */;
			buildPhases = (
				7730A693CF1F61CC8C120176 /* [CP] Check Pods Manifest.lock */,
				493545941FE85703003440E3 /* Sources */,
				493545951FE85703003440E3 /* Frameworks */,
				493545961FE85703003440E3 /* Resources */,
				493545D41FE857EF003440E3 /* Embed Frameworks */,
				638EB87B1C7345E888E123EE /* [CP] Embed Pods Frameworks */,
				1C133FBE421B4AF77E72BB0B /* [CP] Copy Pods Resources */,
			);
			buildRules = (
			);
			dependencies = (
			);
			name = UnityKitDemo;
			productName = LazySceneKitDemo;
			productReference = 493545981FE85703003440E3 /* UnityKitDemo.app */;
			productType = "com.apple.product-type.application";
		};
/* End PBXNativeTarget section */

/* Begin PBXProject section */
		493545901FE85703003440E3 /* Project object */ = {
			isa = PBXProject;
			attributes = {
				LastSwiftUpdateCheck = 0920;
				LastUpgradeCheck = 0920;
				ORGANIZATIONNAME = "Kevin Malkic";
				TargetAttributes = {
					493545971FE85703003440E3 = {
						CreatedOnToolsVersion = 9.2;
						ProvisioningStyle = Automatic;
					};
				};
			};
			buildConfigurationList = 493545931FE85703003440E3 /* Build configuration list for PBXProject "UnityKitDemo" */;
			compatibilityVersion = "Xcode 8.0";
			developmentRegion = en;
			hasScannedForEncodings = 0;
			knownRegions = (
				en,
				Base,
			);
			mainGroup = 4935458F1FE85703003440E3;
			productRefGroup = 493545991FE85703003440E3 /* Products */;
			projectDirPath = "";
			projectRoot = "";
			targets = (
				493545971FE85703003440E3 /* UnityKitDemo */,
			);
		};
/* End PBXProject section */

/* Begin PBXResourcesBuildPhase section */
		493545961FE85703003440E3 /* Resources */ = {
			isa = PBXResourcesBuildPhase;
			buildActionMask = 2147483647;
			files = (
				493545A61FE85703003440E3 /* LaunchScreen.storyboard in Resources */,
				0A4A543E1FE9409800DA4F22 /* Models.scnassets in Resources */,
				493545A31FE85703003440E3 /* Assets.xcassets in Resources */,
				493545A11FE85703003440E3 /* Main.storyboard in Resources */,
			);
			runOnlyForDeploymentPostprocessing = 0;
		};
/* End PBXResourcesBuildPhase section */

/* Begin PBXShellScriptBuildPhase section */
		1C133FBE421B4AF77E72BB0B /* [CP] Copy Pods Resources */ = {
			isa = PBXShellScriptBuildPhase;
			buildActionMask = 2147483647;
			files = (
			);
			inputPaths = (
			);
			name = "[CP] Copy Pods Resources";
			outputPaths = (
			);
			runOnlyForDeploymentPostprocessing = 0;
			shellPath = /bin/sh;
			shellScript = "\"${SRCROOT}/../Pods/Target Support Files/Pods-UnityKitDemo/Pods-UnityKitDemo-resources.sh\"\n";
			showEnvVarsInLog = 0;
		};
		638EB87B1C7345E888E123EE /* [CP] Embed Pods Frameworks */ = {
			isa = PBXShellScriptBuildPhase;
			buildActionMask = 2147483647;
			files = (
			);
			inputPaths = (
				"${SRCROOT}/../Pods/Target Support Files/Pods-UnityKitDemo/Pods-UnityKitDemo-frameworks.sh",
				"${BUILT_PRODUCTS_DIR}/MKTween/MKTween.framework",
			);
			name = "[CP] Embed Pods Frameworks";
			outputPaths = (
				"${TARGET_BUILD_DIR}/${FRAMEWORKS_FOLDER_PATH}/MKTween.framework",
			);
			runOnlyForDeploymentPostprocessing = 0;
			shellPath = /bin/sh;
			shellScript = "\"${SRCROOT}/../Pods/Target Support Files/Pods-UnityKitDemo/Pods-UnityKitDemo-frameworks.sh\"\n";
			showEnvVarsInLog = 0;
		};
		7730A693CF1F61CC8C120176 /* [CP] Check Pods Manifest.lock */ = {
			isa = PBXShellScriptBuildPhase;
			buildActionMask = 2147483647;
			files = (
			);
			inputPaths = (
				"${PODS_PODFILE_DIR_PATH}/Podfile.lock",
				"${PODS_ROOT}/Manifest.lock",
			);
			name = "[CP] Check Pods Manifest.lock";
			outputPaths = (
				"$(DERIVED_FILE_DIR)/Pods-UnityKitDemo-checkManifestLockResult.txt",
			);
			runOnlyForDeploymentPostprocessing = 0;
			shellPath = /bin/sh;
			shellScript = "diff \"${PODS_PODFILE_DIR_PATH}/Podfile.lock\" \"${PODS_ROOT}/Manifest.lock\" > /dev/null\nif [ $? != 0 ] ; then\n    # print error to STDERR\n    echo \"error: The sandbox is not in sync with the Podfile.lock. Run 'pod install' or update your CocoaPods installation.\" >&2\n    exit 1\nfi\n# This output is used by Xcode 'outputs' to avoid re-running this script phase.\necho \"SUCCESS\" > \"${SCRIPT_OUTPUT_FILE_0}\"\n";
			showEnvVarsInLog = 0;
		};
/* End PBXShellScriptBuildPhase section */

/* Begin PBXSourcesBuildPhase section */
		493545941FE85703003440E3 /* Sources */ = {
			isa = PBXSourcesBuildPhase;
			buildActionMask = 2147483647;
			files = (
				0AE6AD142004F48800764C16 /* ShipScript.swift in Sources */,
				0AD605CB2002C5B700908043 /* CubeScript.swift in Sources */,
				4935459E1FE85703003440E3 /* ViewController.swift in Sources */,
				4935459C1FE85703003440E3 /* AppDelegate.swift in Sources */,
			);
			runOnlyForDeploymentPostprocessing = 0;
		};
/* End PBXSourcesBuildPhase section */

/* Begin PBXVariantGroup section */
		4935459F1FE85703003440E3 /* Main.storyboard */ = {
			isa = PBXVariantGroup;
			children = (
				493545A01FE85703003440E3 /* Base */,
			);
			name = Main.storyboard;
			sourceTree = "<group>";
		};
		493545A41FE85703003440E3 /* LaunchScreen.storyboard */ = {
			isa = PBXVariantGroup;
			children = (
				493545A51FE85703003440E3 /* Base */,
			);
			name = LaunchScreen.storyboard;
			sourceTree = "<group>";
		};
/* End PBXVariantGroup section */

/* Begin XCBuildConfiguration section */
		493545A81FE85703003440E3 /* Debug */ = {
			isa = XCBuildConfiguration;
			buildSettings = {
				ALWAYS_SEARCH_USER_PATHS = NO;
				CLANG_ANALYZER_NONNULL = YES;
				CLANG_ANALYZER_NUMBER_OBJECT_CONVERSION = YES_AGGRESSIVE;
				CLANG_CXX_LANGUAGE_STANDARD = "gnu++14";
				CLANG_CXX_LIBRARY = "libc++";
				CLANG_ENABLE_MODULES = YES;
				CLANG_ENABLE_OBJC_ARC = YES;
				CLANG_WARN_BLOCK_CAPTURE_AUTORELEASING = YES;
				CLANG_WARN_BOOL_CONVERSION = YES;
				CLANG_WARN_COMMA = YES;
				CLANG_WARN_CONSTANT_CONVERSION = YES;
				CLANG_WARN_DIRECT_OBJC_ISA_USAGE = YES_ERROR;
				CLANG_WARN_DOCUMENTATION_COMMENTS = YES;
				CLANG_WARN_EMPTY_BODY = YES;
				CLANG_WARN_ENUM_CONVERSION = YES;
				CLANG_WARN_INFINITE_RECURSION = YES;
				CLANG_WARN_INT_CONVERSION = YES;
				CLANG_WARN_NON_LITERAL_NULL_CONVERSION = YES;
				CLANG_WARN_OBJC_LITERAL_CONVERSION = YES;
				CLANG_WARN_OBJC_ROOT_CLASS = YES_ERROR;
				CLANG_WARN_RANGE_LOOP_ANALYSIS = YES;
				CLANG_WARN_STRICT_PROTOTYPES = YES;
				CLANG_WARN_SUSPICIOUS_MOVE = YES;
				CLANG_WARN_UNGUARDED_AVAILABILITY = YES_AGGRESSIVE;
				CLANG_WARN_UNREACHABLE_CODE = YES;
				CLANG_WARN__DUPLICATE_METHOD_MATCH = YES;
				CODE_SIGN_IDENTITY = "iPhone Developer";
				COPY_PHASE_STRIP = NO;
				DEBUG_INFORMATION_FORMAT = dwarf;
				ENABLE_STRICT_OBJC_MSGSEND = YES;
				ENABLE_TESTABILITY = YES;
				GCC_C_LANGUAGE_STANDARD = gnu11;
				GCC_DYNAMIC_NO_PIC = NO;
				GCC_NO_COMMON_BLOCKS = YES;
				GCC_OPTIMIZATION_LEVEL = 0;
				GCC_PREPROCESSOR_DEFINITIONS = (
					"DEBUG=1",
					"$(inherited)",
				);
				GCC_WARN_64_TO_32_BIT_CONVERSION = YES;
				GCC_WARN_ABOUT_RETURN_TYPE = YES_ERROR;
				GCC_WARN_UNDECLARED_SELECTOR = YES;
				GCC_WARN_UNINITIALIZED_AUTOS = YES_AGGRESSIVE;
				GCC_WARN_UNUSED_FUNCTION = YES;
				GCC_WARN_UNUSED_VARIABLE = YES;
				IPHONEOS_DEPLOYMENT_TARGET = 11.2;
				MTL_ENABLE_DEBUG_INFO = YES;
				ONLY_ACTIVE_ARCH = YES;
				SDKROOT = iphoneos;
				SWIFT_ACTIVE_COMPILATION_CONDITIONS = DEBUG;
				SWIFT_OPTIMIZATION_LEVEL = "-Onone";
			};
			name = Debug;
		};
		493545A91FE85703003440E3 /* Release */ = {
			isa = XCBuildConfiguration;
			buildSettings = {
				ALWAYS_SEARCH_USER_PATHS = NO;
				CLANG_ANALYZER_NONNULL = YES;
				CLANG_ANALYZER_NUMBER_OBJECT_CONVERSION = YES_AGGRESSIVE;
				CLANG_CXX_LANGUAGE_STANDARD = "gnu++14";
				CLANG_CXX_LIBRARY = "libc++";
				CLANG_ENABLE_MODULES = YES;
				CLANG_ENABLE_OBJC_ARC = YES;
				CLANG_WARN_BLOCK_CAPTURE_AUTORELEASING = YES;
				CLANG_WARN_BOOL_CONVERSION = YES;
				CLANG_WARN_COMMA = YES;
				CLANG_WARN_CONSTANT_CONVERSION = YES;
				CLANG_WARN_DIRECT_OBJC_ISA_USAGE = YES_ERROR;
				CLANG_WARN_DOCUMENTATION_COMMENTS = YES;
				CLANG_WARN_EMPTY_BODY = YES;
				CLANG_WARN_ENUM_CONVERSION = YES;
				CLANG_WARN_INFINITE_RECURSION = YES;
				CLANG_WARN_INT_CONVERSION = YES;
				CLANG_WARN_NON_LITERAL_NULL_CONVERSION = YES;
				CLANG_WARN_OBJC_LITERAL_CONVERSION = YES;
				CLANG_WARN_OBJC_ROOT_CLASS = YES_ERROR;
				CLANG_WARN_RANGE_LOOP_ANALYSIS = YES;
				CLANG_WARN_STRICT_PROTOTYPES = YES;
				CLANG_WARN_SUSPICIOUS_MOVE = YES;
				CLANG_WARN_UNGUARDED_AVAILABILITY = YES_AGGRESSIVE;
				CLANG_WARN_UNREACHABLE_CODE = YES;
				CLANG_WARN__DUPLICATE_METHOD_MATCH = YES;
				CODE_SIGN_IDENTITY = "iPhone Developer";
				COPY_PHASE_STRIP = NO;
				DEBUG_INFORMATION_FORMAT = "dwarf-with-dsym";
				ENABLE_NS_ASSERTIONS = NO;
				ENABLE_STRICT_OBJC_MSGSEND = YES;
				GCC_C_LANGUAGE_STANDARD = gnu11;
				GCC_NO_COMMON_BLOCKS = YES;
				GCC_WARN_64_TO_32_BIT_CONVERSION = YES;
				GCC_WARN_ABOUT_RETURN_TYPE = YES_ERROR;
				GCC_WARN_UNDECLARED_SELECTOR = YES;
				GCC_WARN_UNINITIALIZED_AUTOS = YES_AGGRESSIVE;
				GCC_WARN_UNUSED_FUNCTION = YES;
				GCC_WARN_UNUSED_VARIABLE = YES;
				IPHONEOS_DEPLOYMENT_TARGET = 11.2;
				MTL_ENABLE_DEBUG_INFO = NO;
				SDKROOT = iphoneos;
				SWIFT_OPTIMIZATION_LEVEL = "-Owholemodule";
				VALIDATE_PRODUCT = YES;
			};
			name = Release;
		};
		493545AB1FE85703003440E3 /* Debug */ = {
			isa = XCBuildConfiguration;
			baseConfigurationReference = B442AA3ACE167BAA9F810A88 /* Pods-UnityKitDemo.debug.xcconfig */;
			buildSettings = {
				ASSETCATALOG_COMPILER_APPICON_NAME = AppIcon;
				CODE_SIGN_STYLE = Automatic;
				DEVELOPMENT_TEAM = 586B4BE6BL;
				INFOPLIST_FILE = UnityKitDemo/Info.plist;
				IPHONEOS_DEPLOYMENT_TARGET = 10.0;
				LD_RUNPATH_SEARCH_PATHS = "$(inherited) @executable_path/Frameworks";
				PRODUCT_BUNDLE_IDENTIFIER = com.kevinmalkic.UnityKitDemo;
				PRODUCT_NAME = "$(TARGET_NAME)";
				SWIFT_VERSION = 4.0;
				TARGETED_DEVICE_FAMILY = "1,2";
			};
			name = Debug;
		};
		493545AC1FE85703003440E3 /* Release */ = {
			isa = XCBuildConfiguration;
			baseConfigurationReference = 7B832817166B52F0B6C6EDD8 /* Pods-UnityKitDemo.release.xcconfig */;
			buildSettings = {
				ASSETCATALOG_COMPILER_APPICON_NAME = AppIcon;
				CODE_SIGN_STYLE = Automatic;
				DEVELOPMENT_TEAM = 586B4BE6BL;
				INFOPLIST_FILE = UnityKitDemo/Info.plist;
				IPHONEOS_DEPLOYMENT_TARGET = 10.0;
				LD_RUNPATH_SEARCH_PATHS = "$(inherited) @executable_path/Frameworks";
				PRODUCT_BUNDLE_IDENTIFIER = com.kevinmalkic.UnityKitDemo;
				PRODUCT_NAME = "$(TARGET_NAME)";
				SWIFT_VERSION = 4.0;
				TARGETED_DEVICE_FAMILY = "1,2";
			};
			name = Release;
		};
/* End XCBuildConfiguration section */

/* Begin XCConfigurationList section */
		493545931FE85703003440E3 /* Build configuration list for PBXProject "UnityKitDemo" */ = {
			isa = XCConfigurationList;
			buildConfigurations = (
				493545A81FE85703003440E3 /* Debug */,
				493545A91FE85703003440E3 /* Release */,
			);
			defaultConfigurationIsVisible = 0;
			defaultConfigurationName = Release;
		};
		493545AA1FE85703003440E3 /* Build configuration list for PBXNativeTarget "UnityKitDemo" */ = {
			isa = XCConfigurationList;
			buildConfigurations = (
				493545AB1FE85703003440E3 /* Debug */,
				493545AC1FE85703003440E3 /* Release */,
			);
			defaultConfigurationIsVisible = 0;
			defaultConfigurationName = Release;
		};
/* End XCConfigurationList section */
	};
	rootObject = 493545901FE85703003440E3 /* Project object */;
}
