// !$*UTF8*$!
{
	archiveVersion = 1;
	classes = {
	};
	objectVersion = 48;
	objects = {

/* Begin PBXBuildFile section */
		0A13A2CA2058A739005EEFE3 /* MeshCollider.swift in Sources */ = {isa = PBXBuildFile; fileRef = 0A13A2C92058A738005EEFE3 /* MeshCollider.swift */; };
		0A13A2CF2059514A005EEFE3 /* Mesh.swift in Sources */ = {isa = PBXBuildFile; fileRef = 0A13A2CE2059514A005EEFE3 /* Mesh.swift */; };
		0A13A2D120595244005EEFE3 /* MeshFilter.swift in Sources */ = {isa = PBXBuildFile; fileRef = 0A13A2D020595244005EEFE3 /* MeshFilter.swift */; };
		0A3E16842003F3F3001E3C7F /* Vector4QuaternionExtension.swift in Sources */ = {isa = PBXBuildFile; fileRef = 0A3E16832003F3F3001E3C7F /* Vector4QuaternionExtension.swift */; };
		0A4A543C1FE93B9800DA4F22 /* GameObjectExtension.swift in Sources */ = {isa = PBXBuildFile; fileRef = 0A4A543B1FE93B9800DA4F22 /* GameObjectExtension.swift */; };
		0A4A54401FE962F600DA4F22 /* MathExtension.swift in Sources */ = {isa = PBXBuildFile; fileRef = 0A4A543F1FE962F600DA4F22 /* MathExtension.swift */; };
		0A4A54461FE97E0E00DA4F22 /* Material.swift in Sources */ = {isa = PBXBuildFile; fileRef = 0A4A54451FE97E0E00DA4F22 /* Material.swift */; };
		0A4A54481FE9CC6100DA4F22 /* GeometryExtension.swift in Sources */ = {isa = PBXBuildFile; fileRef = 0A4A54471FE9CC6100DA4F22 /* GeometryExtension.swift */; };
		0A4D0DE02055450800C119B6 /* FloatingPointExtension.swift in Sources */ = {isa = PBXBuildFile; fileRef = 0A4D0DDF2055450800C119B6 /* FloatingPointExtension.swift */; };
		0A4D0E20205749AB00C119B6 /* Transform.swift in Sources */ = {isa = PBXBuildFile; fileRef = 0A4D0E1D205749AB00C119B6 /* Transform.swift */; };
		0A4D0E21205749AB00C119B6 /* Camera.swift in Sources */ = {isa = PBXBuildFile; fileRef = 0A4D0E1E205749AB00C119B6 /* Camera.swift */; };
		0A4D0E22205749AB00C119B6 /* Renderer.swift in Sources */ = {isa = PBXBuildFile; fileRef = 0A4D0E1F205749AB00C119B6 /* Renderer.swift */; };
		0A4D0E24205749F100C119B6 /* Object.swift in Sources */ = {isa = PBXBuildFile; fileRef = 0A4D0E23205749F000C119B6 /* Object.swift */; };
		0A4D0E2820574A1400C119B6 /* Time.swift in Sources */ = {isa = PBXBuildFile; fileRef = 0A4D0E2620574A1400C119B6 /* Time.swift */; };
		0A4D0E2920574A1400C119B6 /* Screen.swift in Sources */ = {isa = PBXBuildFile; fileRef = 0A4D0E2720574A1400C119B6 /* Screen.swift */; };
		0A4D0E2B20574CD400C119B6 /* Collider.swift in Sources */ = {isa = PBXBuildFile; fileRef = 0A4D0E2A20574CD400C119B6 /* Collider.swift */; };
		0A4D0E2D2057513F00C119B6 /* Rigidbody.swift in Sources */ = {isa = PBXBuildFile; fileRef = 0A4D0E2C2057513F00C119B6 /* Rigidbody.swift */; };
		0A4D0E2F205754F900C119B6 /* SCNNode.swift in Sources */ = {isa = PBXBuildFile; fileRef = 0A4D0E2E205754F900C119B6 /* SCNNode.swift */; };
		0A4D0E312057550C00C119B6 /* Volume.swift in Sources */ = {isa = PBXBuildFile; fileRef = 0A4D0E302057550C00C119B6 /* Volume.swift */; };
		0A4D0E3620581EAB00C119B6 /* Debug.swift in Sources */ = {isa = PBXBuildFile; fileRef = 0A4D0E3520581EAB00C119B6 /* Debug.swift */; };
		0A81D19F205ADD650046AEDA /* Instantiable.swift in Sources */ = {isa = PBXBuildFile; fileRef = 0A81D19E205ADD650046AEDA /* Instantiable.swift */; };
		0A936912204EE43C009D04E4 /* Tag.swift in Sources */ = {isa = PBXBuildFile; fileRef = 0A936911204EE43C009D04E4 /* Tag.swift */; };
		0A936914204EE46F009D04E4 /* Layer.swift in Sources */ = {isa = PBXBuildFile; fileRef = 0A936913204EE46F009D04E4 /* Layer.swift */; };
		0AA9FD512052A1BA004CCB0E /* GameObjectSCNActionable.swift in Sources */ = {isa = PBXBuildFile; fileRef = 0AA9FD502052A1BA004CCB0E /* GameObjectSCNActionable.swift */; };
		0AA9FD552052C844004CCB0E /* Ease.swift in Sources */ = {isa = PBXBuildFile; fileRef = 0AA9FD542052C844004CCB0E /* Ease.swift */; };
		0AA9FD572052C891004CCB0E /* ActionExtension.swift in Sources */ = {isa = PBXBuildFile; fileRef = 0AA9FD562052C891004CCB0E /* ActionExtension.swift */; };
		0AD45A4820548A7A0055713A /* Identifiable.swift in Sources */ = {isa = PBXBuildFile; fileRef = 0AD45A4720548A7A0055713A /* Identifiable.swift */; };
		0AD45A4A20548B260055713A /* ColorExtension.swift in Sources */ = {isa = PBXBuildFile; fileRef = 0AD45A4920548B260055713A /* ColorExtension.swift */; };
		0AD45A4C20548F790055713A /* Input.swift in Sources */ = {isa = PBXBuildFile; fileRef = 0AD45A4B20548F790055713A /* Input.swift */; };
		0AD45A4E20549E5E0055713A /* Vector2Extension.swift in Sources */ = {isa = PBXBuildFile; fileRef = 0AD45A4D20549E5E0055713A /* Vector2Extension.swift */; };
		0AD605C62002B93D00908043 /* GameObjectSearchExtension.swift in Sources */ = {isa = PBXBuildFile; fileRef = 0AD605C52002B93D00908043 /* GameObjectSearchExtension.swift */; };
		0AD605CF2003978300908043 /* Behaviour.swift in Sources */ = {isa = PBXBuildFile; fileRef = 0AD605CE2003978300908043 /* Behaviour.swift */; };
		0AD605D120039E9500908043 /* ObjectSearchExtension.swift in Sources */ = {isa = PBXBuildFile; fileRef = 0AD605D020039E9500908043 /* ObjectSearchExtension.swift */; };
		0AE74525205B376B00DA0051 /* GameObjectPhysicsBody.swift in Sources */ = {isa = PBXBuildFile; fileRef = 0AE74524205B376B00DA0051 /* GameObjectPhysicsBody.swift */; };
		0AF3166C20588AD700757E38 /* BoxCollider.swift in Sources */ = {isa = PBXBuildFile; fileRef = 0AF3166B20588AD700757E38 /* BoxCollider.swift */; };
		0AF3166E20588B2900757E38 /* PlaneCollider.swift in Sources */ = {isa = PBXBuildFile; fileRef = 0AF3166D20588B2900757E38 /* PlaneCollider.swift */; };
		493545C11FE857B7003440E3 /* UnityKit.framework in Frameworks */ = {isa = PBXBuildFile; fileRef = 493545B71FE857B6003440E3 /* UnityKit.framework */; };
		493545C61FE857B7003440E3 /* UnityKitTests.swift in Sources */ = {isa = PBXBuildFile; fileRef = 493545C51FE857B7003440E3 /* UnityKitTests.swift */; };
		493545DF1FE85D4D003440E3 /* Scene.swift in Sources */ = {isa = PBXBuildFile; fileRef = 493545DC1FE85D4D003440E3 /* Scene.swift */; };
		493545E01FE85D4D003440E3 /* View.swift in Sources */ = {isa = PBXBuildFile; fileRef = 493545DE1FE85D4D003440E3 /* View.swift */; };
		493545F31FE86213003440E3 /* MonoBehaviour.swift in Sources */ = {isa = PBXBuildFile; fileRef = 493545F21FE86213003440E3 /* MonoBehaviour.swift */; };
		493545F51FE86334003440E3 /* Component.swift in Sources */ = {isa = PBXBuildFile; fileRef = 493545F41FE86334003440E3 /* Component.swift */; };
		493545F91FE8639B003440E3 /* GameObject.swift in Sources */ = {isa = PBXBuildFile; fileRef = 493545F81FE8639B003440E3 /* GameObject.swift */; };
		49B5EA1A1FE87DFA002ED074 /* File.swift in Sources */ = {isa = PBXBuildFile; fileRef = 49B5EA191FE87DFA002ED074 /* File.swift */; };
		49B5EA1D1FE8836D002ED074 /* Vector3Extension.swift in Sources */ = {isa = PBXBuildFile; fileRef = 49B5EA1C1FE8836D002ED074 /* Vector3Extension.swift */; };
/* End PBXBuildFile section */

/* Begin PBXContainerItemProxy section */
		493545C21FE857B7003440E3 /* PBXContainerItemProxy */ = {
			isa = PBXContainerItemProxy;
			containerPortal = 493545AE1FE857B6003440E3 /* Project object */;
			proxyType = 1;
			remoteGlobalIDString = 493545B61FE857B6003440E3;
			remoteInfo = LazySceneKit;
		};
/* End PBXContainerItemProxy section */

/* Begin PBXFileReference section */
		0A13A2C92058A738005EEFE3 /* MeshCollider.swift */ = {isa = PBXFileReference; lastKnownFileType = sourcecode.swift; path = MeshCollider.swift; sourceTree = "<group>"; };
		0A13A2CE2059514A005EEFE3 /* Mesh.swift */ = {isa = PBXFileReference; lastKnownFileType = sourcecode.swift; path = Mesh.swift; sourceTree = "<group>"; };
		0A13A2D020595244005EEFE3 /* MeshFilter.swift */ = {isa = PBXFileReference; lastKnownFileType = sourcecode.swift; path = MeshFilter.swift; sourceTree = "<group>"; };
		0A3E16832003F3F3001E3C7F /* Vector4QuaternionExtension.swift */ = {isa = PBXFileReference; fileEncoding = 4; lastKnownFileType = sourcecode.swift; path = Vector4QuaternionExtension.swift; sourceTree = "<group>"; };
		0A4A543B1FE93B9800DA4F22 /* GameObjectExtension.swift */ = {isa = PBXFileReference; fileEncoding = 4; lastKnownFileType = sourcecode.swift; path = GameObjectExtension.swift; sourceTree = "<group>"; };
		0A4A543F1FE962F600DA4F22 /* MathExtension.swift */ = {isa = PBXFileReference; fileEncoding = 4; lastKnownFileType = sourcecode.swift; path = MathExtension.swift; sourceTree = "<group>"; };
		0A4A54451FE97E0E00DA4F22 /* Material.swift */ = {isa = PBXFileReference; fileEncoding = 4; lastKnownFileType = sourcecode.swift; path = Material.swift; sourceTree = "<group>"; };
		0A4A54471FE9CC6100DA4F22 /* GeometryExtension.swift */ = {isa = PBXFileReference; fileEncoding = 4; lastKnownFileType = sourcecode.swift; path = GeometryExtension.swift; sourceTree = "<group>"; };
		0A4D0DDF2055450800C119B6 /* FloatingPointExtension.swift */ = {isa = PBXFileReference; lastKnownFileType = sourcecode.swift; path = FloatingPointExtension.swift; sourceTree = "<group>"; };
		0A4D0E1D205749AB00C119B6 /* Transform.swift */ = {isa = PBXFileReference; fileEncoding = 4; lastKnownFileType = sourcecode.swift; path = Transform.swift; sourceTree = "<group>"; };
		0A4D0E1E205749AB00C119B6 /* Camera.swift */ = {isa = PBXFileReference; fileEncoding = 4; lastKnownFileType = sourcecode.swift; path = Camera.swift; sourceTree = "<group>"; };
		0A4D0E1F205749AB00C119B6 /* Renderer.swift */ = {isa = PBXFileReference; fileEncoding = 4; lastKnownFileType = sourcecode.swift; path = Renderer.swift; sourceTree = "<group>"; };
		0A4D0E23205749F000C119B6 /* Object.swift */ = {isa = PBXFileReference; fileEncoding = 4; lastKnownFileType = sourcecode.swift; path = Object.swift; sourceTree = "<group>"; };
		0A4D0E2620574A1400C119B6 /* Time.swift */ = {isa = PBXFileReference; fileEncoding = 4; lastKnownFileType = sourcecode.swift; path = Time.swift; sourceTree = "<group>"; };
		0A4D0E2720574A1400C119B6 /* Screen.swift */ = {isa = PBXFileReference; fileEncoding = 4; lastKnownFileType = sourcecode.swift; path = Screen.swift; sourceTree = "<group>"; };
		0A4D0E2A20574CD400C119B6 /* Collider.swift */ = {isa = PBXFileReference; lastKnownFileType = sourcecode.swift; path = Collider.swift; sourceTree = "<group>"; };
		0A4D0E2C2057513F00C119B6 /* Rigidbody.swift */ = {isa = PBXFileReference; lastKnownFileType = sourcecode.swift; path = Rigidbody.swift; sourceTree = "<group>"; };
		0A4D0E2E205754F900C119B6 /* SCNNode.swift */ = {isa = PBXFileReference; fileEncoding = 4; lastKnownFileType = sourcecode.swift; path = SCNNode.swift; sourceTree = "<group>"; };
		0A4D0E302057550C00C119B6 /* Volume.swift */ = {isa = PBXFileReference; fileEncoding = 4; lastKnownFileType = sourcecode.swift; path = Volume.swift; sourceTree = "<group>"; };
		0A4D0E3520581EAB00C119B6 /* Debug.swift */ = {isa = PBXFileReference; lastKnownFileType = sourcecode.swift; path = Debug.swift; sourceTree = "<group>"; };
		0A81D19E205ADD650046AEDA /* Instantiable.swift */ = {isa = PBXFileReference; lastKnownFileType = sourcecode.swift; path = Instantiable.swift; sourceTree = "<group>"; };
		0A936911204EE43C009D04E4 /* Tag.swift */ = {isa = PBXFileReference; fileEncoding = 4; lastKnownFileType = sourcecode.swift; path = Tag.swift; sourceTree = "<group>"; };
		0A936913204EE46F009D04E4 /* Layer.swift */ = {isa = PBXFileReference; fileEncoding = 4; lastKnownFileType = sourcecode.swift; path = Layer.swift; sourceTree = "<group>"; };
		0AA9FD502052A1BA004CCB0E /* GameObjectSCNActionable.swift */ = {isa = PBXFileReference; fileEncoding = 4; lastKnownFileType = sourcecode.swift; path = GameObjectSCNActionable.swift; sourceTree = "<group>"; };
		0AA9FD542052C844004CCB0E /* Ease.swift */ = {isa = PBXFileReference; lastKnownFileType = sourcecode.swift; path = Ease.swift; sourceTree = "<group>"; };
		0AA9FD562052C891004CCB0E /* ActionExtension.swift */ = {isa = PBXFileReference; fileEncoding = 4; lastKnownFileType = sourcecode.swift; path = ActionExtension.swift; sourceTree = "<group>"; };
		0AD45A4720548A7A0055713A /* Identifiable.swift */ = {isa = PBXFileReference; lastKnownFileType = sourcecode.swift; path = Identifiable.swift; sourceTree = "<group>"; };
		0AD45A4920548B260055713A /* ColorExtension.swift */ = {isa = PBXFileReference; lastKnownFileType = sourcecode.swift; path = ColorExtension.swift; sourceTree = "<group>"; };
		0AD45A4B20548F790055713A /* Input.swift */ = {isa = PBXFileReference; lastKnownFileType = sourcecode.swift; path = Input.swift; sourceTree = "<group>"; };
		0AD45A4D20549E5E0055713A /* Vector2Extension.swift */ = {isa = PBXFileReference; lastKnownFileType = sourcecode.swift; path = Vector2Extension.swift; sourceTree = "<group>"; };
		0AD605C52002B93D00908043 /* GameObjectSearchExtension.swift */ = {isa = PBXFileReference; fileEncoding = 4; lastKnownFileType = sourcecode.swift; path = GameObjectSearchExtension.swift; sourceTree = "<group>"; };
		0AD605CE2003978300908043 /* Behaviour.swift */ = {isa = PBXFileReference; fileEncoding = 4; lastKnownFileType = sourcecode.swift; path = Behaviour.swift; sourceTree = "<group>"; };
		0AD605D020039E9500908043 /* ObjectSearchExtension.swift */ = {isa = PBXFileReference; fileEncoding = 4; lastKnownFileType = sourcecode.swift; path = ObjectSearchExtension.swift; sourceTree = "<group>"; };
		0AE6ACDD20041ED400764C16 /* MKTween.framework */ = {isa = PBXFileReference; explicitFileType = wrapper.framework; path = MKTween.framework; sourceTree = BUILT_PRODUCTS_DIR; };
		0AE74524205B376B00DA0051 /* GameObjectPhysicsBody.swift */ = {isa = PBXFileReference; lastKnownFileType = sourcecode.swift; path = GameObjectPhysicsBody.swift; sourceTree = "<group>"; };
		0AF3166B20588AD700757E38 /* BoxCollider.swift */ = {isa = PBXFileReference; lastKnownFileType = sourcecode.swift; path = BoxCollider.swift; sourceTree = "<group>"; };
		0AF3166D20588B2900757E38 /* PlaneCollider.swift */ = {isa = PBXFileReference; lastKnownFileType = sourcecode.swift; path = PlaneCollider.swift; sourceTree = "<group>"; };
		493545B71FE857B6003440E3 /* UnityKit.framework */ = {isa = PBXFileReference; explicitFileType = wrapper.framework; includeInIndex = 0; path = UnityKit.framework; sourceTree = BUILT_PRODUCTS_DIR; };
		493545BA1FE857B6003440E3 /* UnityKit.h */ = {isa = PBXFileReference; lastKnownFileType = sourcecode.c.h; path = UnityKit.h; sourceTree = "<group>"; };
		493545BB1FE857B6003440E3 /* Info.plist */ = {isa = PBXFileReference; lastKnownFileType = text.plist.xml; path = Info.plist; sourceTree = "<group>"; };
		493545C01FE857B7003440E3 /* UnityKitTests.xctest */ = {isa = PBXFileReference; explicitFileType = wrapper.cfbundle; includeInIndex = 0; path = UnityKitTests.xctest; sourceTree = BUILT_PRODUCTS_DIR; };
		493545C51FE857B7003440E3 /* UnityKitTests.swift */ = {isa = PBXFileReference; fileEncoding = 4; lastKnownFileType = sourcecode.swift; path = UnityKitTests.swift; sourceTree = "<group>"; };
		493545C71FE857B7003440E3 /* Info.plist */ = {isa = PBXFileReference; lastKnownFileType = text.plist.xml; path = Info.plist; sourceTree = "<group>"; };
		493545DC1FE85D4D003440E3 /* Scene.swift */ = {isa = PBXFileReference; fileEncoding = 4; lastKnownFileType = sourcecode.swift; path = Scene.swift; sourceTree = "<group>"; };
		493545DE1FE85D4D003440E3 /* View.swift */ = {isa = PBXFileReference; fileEncoding = 4; lastKnownFileType = sourcecode.swift; path = View.swift; sourceTree = "<group>"; };
		493545F21FE86213003440E3 /* MonoBehaviour.swift */ = {isa = PBXFileReference; fileEncoding = 4; lastKnownFileType = sourcecode.swift; path = MonoBehaviour.swift; sourceTree = "<group>"; };
		493545F41FE86334003440E3 /* Component.swift */ = {isa = PBXFileReference; fileEncoding = 4; lastKnownFileType = sourcecode.swift; path = Component.swift; sourceTree = "<group>"; };
		493545F81FE8639B003440E3 /* GameObject.swift */ = {isa = PBXFileReference; fileEncoding = 4; lastKnownFileType = sourcecode.swift; path = GameObject.swift; sourceTree = "<group>"; };
		49B5EA191FE87DFA002ED074 /* File.swift */ = {isa = PBXFileReference; fileEncoding = 4; lastKnownFileType = sourcecode.swift; path = File.swift; sourceTree = "<group>"; };
		49B5EA1C1FE8836D002ED074 /* Vector3Extension.swift */ = {isa = PBXFileReference; fileEncoding = 4; lastKnownFileType = sourcecode.swift; path = Vector3Extension.swift; sourceTree = "<group>"; };
/* End PBXFileReference section */

/* Begin PBXFrameworksBuildPhase section */
		493545B31FE857B6003440E3 /* Frameworks */ = {
			isa = PBXFrameworksBuildPhase;
			buildActionMask = 2147483647;
			files = (
			);
			runOnlyForDeploymentPostprocessing = 0;
		};
		493545BD1FE857B7003440E3 /* Frameworks */ = {
			isa = PBXFrameworksBuildPhase;
			buildActionMask = 2147483647;
			files = (
				493545C11FE857B7003440E3 /* UnityKit.framework in Frameworks */,
			);
			runOnlyForDeploymentPostprocessing = 0;
		};
/* End PBXFrameworksBuildPhase section */

/* Begin PBXGroup section */
		0A4D0E1C205749AB00C119B6 /* Components */ = {
			isa = PBXGroup;
			children = (
				0A4D0E1D205749AB00C119B6 /* Transform.swift */,
				0A4D0E1E205749AB00C119B6 /* Camera.swift */,
				0A4D0E1F205749AB00C119B6 /* Renderer.swift */,
				0A13A2D020595244005EEFE3 /* MeshFilter.swift */,
				0A4D0E2A20574CD400C119B6 /* Collider.swift */,
				0AF3166B20588AD700757E38 /* BoxCollider.swift */,
				0AF3166D20588B2900757E38 /* PlaneCollider.swift */,
				0A13A2C92058A738005EEFE3 /* MeshCollider.swift */,
				0A4D0E2C2057513F00C119B6 /* Rigidbody.swift */,
			);
			path = Components;
			sourceTree = "<group>";
		};
		0A4D0E2520574A1400C119B6 /* Static */ = {
			isa = PBXGroup;
			children = (
				0A4D0E2620574A1400C119B6 /* Time.swift */,
				0A4D0E2720574A1400C119B6 /* Screen.swift */,
				0A4D0E3520581EAB00C119B6 /* Debug.swift */,
			);
			path = Static;
			sourceTree = "<group>";
		};
		0AD45A4620548A6D0055713A /* Protocol */ = {
			isa = PBXGroup;
			children = (
				0AD45A4720548A7A0055713A /* Identifiable.swift */,
			);
			path = Protocol;
			sourceTree = "<group>";
		};
		0AE6ACDB20041ED400764C16 /* Frameworks */ = {
			isa = PBXGroup;
			children = (
				0AE6ACDD20041ED400764C16 /* MKTween.framework */,
			);
			name = Frameworks;
			sourceTree = "<group>";
		};
		493545AD1FE857B6003440E3 = {
			isa = PBXGroup;
			children = (
				493545B91FE857B6003440E3 /* UnityKit */,
				493545C41FE857B7003440E3 /* UnityKitTests */,
				493545B81FE857B6003440E3 /* Products */,
				0AE6ACDB20041ED400764C16 /* Frameworks */,
			);
			sourceTree = "<group>";
		};
		493545B81FE857B6003440E3 /* Products */ = {
			isa = PBXGroup;
			children = (
				493545B71FE857B6003440E3 /* UnityKit.framework */,
				493545C01FE857B7003440E3 /* UnityKitTests.xctest */,
			);
			name = Products;
			sourceTree = "<group>";
		};
		493545B91FE857B6003440E3 /* UnityKit */ = {
			isa = PBXGroup;
			children = (
				493545BB1FE857B6003440E3 /* Info.plist */,
				493545BA1FE857B6003440E3 /* UnityKit.h */,
				0A4D0E1C205749AB00C119B6 /* Components */,
				493545DB1FE85D4D003440E3 /* Element */,
				493545ED1FE861A9003440E3 /* Engine */,
				49B5EA1B1FE88360002ED074 /* Extension */,
				0AD45A4620548A6D0055713A /* Protocol */,
				0A4D0E2520574A1400C119B6 /* Static */,
				493545DD1FE85D4D003440E3 /* UI */,
				49B5EA181FE87DEB002ED074 /* Utilities */,
			);
			path = UnityKit;
			sourceTree = "<group>";
		};
		493545C41FE857B7003440E3 /* UnityKitTests */ = {
			isa = PBXGroup;
			children = (
				493545C51FE857B7003440E3 /* UnityKitTests.swift */,
				493545C71FE857B7003440E3 /* Info.plist */,
			);
			path = UnityKitTests;
			sourceTree = "<group>";
		};
		493545DB1FE85D4D003440E3 /* Element */ = {
			isa = PBXGroup;
			children = (
				493545DC1FE85D4D003440E3 /* Scene.swift */,
				493545F81FE8639B003440E3 /* GameObject.swift */,
				0A936911204EE43C009D04E4 /* Tag.swift */,
				0A936913204EE46F009D04E4 /* Layer.swift */,
				0A4A54451FE97E0E00DA4F22 /* Material.swift */,
				0A13A2CE2059514A005EEFE3 /* Mesh.swift */,
			);
			path = Element;
			sourceTree = "<group>";
		};
		493545DD1FE85D4D003440E3 /* UI */ = {
			isa = PBXGroup;
			children = (
				493545DE1FE85D4D003440E3 /* View.swift */,
				0AD45A4B20548F790055713A /* Input.swift */,
			);
			path = UI;
			sourceTree = "<group>";
		};
		493545ED1FE861A9003440E3 /* Engine */ = {
			isa = PBXGroup;
			children = (
				493545F41FE86334003440E3 /* Component.swift */,
				0A4D0E23205749F000C119B6 /* Object.swift */,
				0AD605CE2003978300908043 /* Behaviour.swift */,
				493545F21FE86213003440E3 /* MonoBehaviour.swift */,
				0A81D19E205ADD650046AEDA /* Instantiable.swift */,
			);
			path = Engine;
			sourceTree = "<group>";
		};
		49B5EA181FE87DEB002ED074 /* Utilities */ = {
			isa = PBXGroup;
			children = (
				49B5EA191FE87DFA002ED074 /* File.swift */,
				0AA9FD542052C844004CCB0E /* Ease.swift */,
				0A4D0E302057550C00C119B6 /* Volume.swift */,
			);
			path = Utilities;
			sourceTree = "<group>";
		};
		49B5EA1B1FE88360002ED074 /* Extension */ = {
			isa = PBXGroup;
			children = (
				0AA9FD562052C891004CCB0E /* ActionExtension.swift */,
				0AD45A4D20549E5E0055713A /* Vector2Extension.swift */,
				49B5EA1C1FE8836D002ED074 /* Vector3Extension.swift */,
				0A3E16832003F3F3001E3C7F /* Vector4QuaternionExtension.swift */,
				0A4A543B1FE93B9800DA4F22 /* GameObjectExtension.swift */,
				0AE74524205B376B00DA0051 /* GameObjectPhysicsBody.swift */,
				0AD605C52002B93D00908043 /* GameObjectSearchExtension.swift */,
				0A4A54471FE9CC6100DA4F22 /* GeometryExtension.swift */,
				0AA9FD502052A1BA004CCB0E /* GameObjectSCNActionable.swift */,
				0AD605D020039E9500908043 /* ObjectSearchExtension.swift */,
				0A4A543F1FE962F600DA4F22 /* MathExtension.swift */,
				0A4D0DDF2055450800C119B6 /* FloatingPointExtension.swift */,
				0AD45A4920548B260055713A /* ColorExtension.swift */,
				0A4D0E2E205754F900C119B6 /* SCNNode.swift */,
			);
			path = Extension;
			sourceTree = "<group>";
		};
/* End PBXGroup section */

/* Begin PBXHeadersBuildPhase section */
		493545B41FE857B6003440E3 /* Headers */ = {
			isa = PBXHeadersBuildPhase;
			buildActionMask = 2147483647;
			files = (
			);
			runOnlyForDeploymentPostprocessing = 0;
		};
/* End PBXHeadersBuildPhase section */

/* Begin PBXNativeTarget section */
		493545B61FE857B6003440E3 /* UnityKit */ = {
			isa = PBXNativeTarget;
			buildConfigurationList = 493545CB1FE857B7003440E3 /* Build configuration list for PBXNativeTarget "UnityKit" */;
			buildPhases = (
				493545B21FE857B6003440E3 /* Sources */,
				493545B31FE857B6003440E3 /* Frameworks */,
				493545B41FE857B6003440E3 /* Headers */,
				493545B51FE857B6003440E3 /* Resources */,
			);
			buildRules = (
			);
			dependencies = (
			);
			name = UnityKit;
			productName = LazySceneKit;
			productReference = 493545B71FE857B6003440E3 /* UnityKit.framework */;
			productType = "com.apple.product-type.framework";
		};
		493545BF1FE857B7003440E3 /* UnityKitTests */ = {
			isa = PBXNativeTarget;
			buildConfigurationList = 493545CE1FE857B7003440E3 /* Build configuration list for PBXNativeTarget "UnityKitTests" */;
			buildPhases = (
				493545BC1FE857B7003440E3 /* Sources */,
				493545BD1FE857B7003440E3 /* Frameworks */,
				493545BE1FE857B7003440E3 /* Resources */,
			);
			buildRules = (
			);
			dependencies = (
				493545C31FE857B7003440E3 /* PBXTargetDependency */,
			);
			name = UnityKitTests;
			productName = LazySceneKitTests;
			productReference = 493545C01FE857B7003440E3 /* UnityKitTests.xctest */;
			productType = "com.apple.product-type.bundle.unit-test";
		};
/* End PBXNativeTarget section */

/* Begin PBXProject section */
		493545AE1FE857B6003440E3 /* Project object */ = {
			isa = PBXProject;
			attributes = {
				LastSwiftUpdateCheck = 0920;
				LastUpgradeCheck = 0920;
				ORGANIZATIONNAME = "Kevin Malkic";
				TargetAttributes = {
					493545B61FE857B6003440E3 = {
						CreatedOnToolsVersion = 9.2;
						LastSwiftMigration = 0920;
						ProvisioningStyle = Automatic;
					};
					493545BF1FE857B7003440E3 = {
						CreatedOnToolsVersion = 9.2;
						ProvisioningStyle = Automatic;
					};
				};
			};
			buildConfigurationList = 493545B11FE857B6003440E3 /* Build configuration list for PBXProject "UnityKit" */;
			compatibilityVersion = "Xcode 8.0";
			developmentRegion = en;
			hasScannedForEncodings = 0;
			knownRegions = (
				en,
			);
			mainGroup = 493545AD1FE857B6003440E3;
			productRefGroup = 493545B81FE857B6003440E3 /* Products */;
			projectDirPath = "";
			projectRoot = "";
			targets = (
				493545B61FE857B6003440E3 /* UnityKit */,
				493545BF1FE857B7003440E3 /* UnityKitTests */,
			);
		};
/* End PBXProject section */

/* Begin PBXResourcesBuildPhase section */
		493545B51FE857B6003440E3 /* Resources */ = {
			isa = PBXResourcesBuildPhase;
			buildActionMask = 2147483647;
			files = (
			);
			runOnlyForDeploymentPostprocessing = 0;
		};
		493545BE1FE857B7003440E3 /* Resources */ = {
			isa = PBXResourcesBuildPhase;
			buildActionMask = 2147483647;
			files = (
			);
			runOnlyForDeploymentPostprocessing = 0;
		};
/* End PBXResourcesBuildPhase section */

/* Begin PBXSourcesBuildPhase section */
		493545B21FE857B6003440E3 /* Sources */ = {
			isa = PBXSourcesBuildPhase;
			buildActionMask = 2147483647;
			files = (
				493545DF1FE85D4D003440E3 /* Scene.swift in Sources */,
				0A13A2D120595244005EEFE3 /* MeshFilter.swift in Sources */,
				0AA9FD552052C844004CCB0E /* Ease.swift in Sources */,
				493545F91FE8639B003440E3 /* GameObject.swift in Sources */,
				0A936914204EE46F009D04E4 /* Layer.swift in Sources */,
				0A4A54481FE9CC6100DA4F22 /* GeometryExtension.swift in Sources */,
				0AE74525205B376B00DA0051 /* GameObjectPhysicsBody.swift in Sources */,
				0A4D0E312057550C00C119B6 /* Volume.swift in Sources */,
				0AF3166E20588B2900757E38 /* PlaneCollider.swift in Sources */,
				0A4D0E20205749AB00C119B6 /* Transform.swift in Sources */,
				493545E01FE85D4D003440E3 /* View.swift in Sources */,
				49B5EA1D1FE8836D002ED074 /* Vector3Extension.swift in Sources */,
				0A4D0E21205749AB00C119B6 /* Camera.swift in Sources */,
				0AA9FD572052C891004CCB0E /* ActionExtension.swift in Sources */,
				0A4D0E22205749AB00C119B6 /* Renderer.swift in Sources */,
				0A4A54401FE962F600DA4F22 /* MathExtension.swift in Sources */,
				0A4D0E3620581EAB00C119B6 /* Debug.swift in Sources */,
				0AD605CF2003978300908043 /* Behaviour.swift in Sources */,
				0A3E16842003F3F3001E3C7F /* Vector4QuaternionExtension.swift in Sources */,
				0A4D0E2D2057513F00C119B6 /* Rigidbody.swift in Sources */,
				0A936912204EE43C009D04E4 /* Tag.swift in Sources */,
				0AD605D120039E9500908043 /* ObjectSearchExtension.swift in Sources */,
				493545F31FE86213003440E3 /* MonoBehaviour.swift in Sources */,
				0AD45A4A20548B260055713A /* ColorExtension.swift in Sources */,
				0A4D0E2820574A1400C119B6 /* Time.swift in Sources */,
				0AD45A4C20548F790055713A /* Input.swift in Sources */,
				0A81D19F205ADD650046AEDA /* Instantiable.swift in Sources */,
				0A13A2CA2058A739005EEFE3 /* MeshCollider.swift in Sources */,
				0AF3166C20588AD700757E38 /* BoxCollider.swift in Sources */,
				493545F51FE86334003440E3 /* Component.swift in Sources */,
				0A4A54461FE97E0E00DA4F22 /* Material.swift in Sources */,
				0AD45A4E20549E5E0055713A /* Vector2Extension.swift in Sources */,
				0A4D0E2B20574CD400C119B6 /* Collider.swift in Sources */,
				0A4A543C1FE93B9800DA4F22 /* GameObjectExtension.swift in Sources */,
				0A4D0E2F205754F900C119B6 /* SCNNode.swift in Sources */,
				0A4D0E2920574A1400C119B6 /* Screen.swift in Sources */,
				0AD45A4820548A7A0055713A /* Identifiable.swift in Sources */,
				0A13A2CF2059514A005EEFE3 /* Mesh.swift in Sources */,
				0AA9FD512052A1BA004CCB0E /* GameObjectSCNActionable.swift in Sources */,
				0A4D0DE02055450800C119B6 /* FloatingPointExtension.swift in Sources */,
				0AD605C62002B93D00908043 /* GameObjectSearchExtension.swift in Sources */,
				0A4D0E24205749F100C119B6 /* Object.swift in Sources */,
				49B5EA1A1FE87DFA002ED074 /* File.swift in Sources */,
			);
			runOnlyForDeploymentPostprocessing = 0;
		};
		493545BC1FE857B7003440E3 /* Sources */ = {
			isa = PBXSourcesBuildPhase;
			buildActionMask = 2147483647;
			files = (
				493545C61FE857B7003440E3 /* UnityKitTests.swift in Sources */,
			);
			runOnlyForDeploymentPostprocessing = 0;
		};
/* End PBXSourcesBuildPhase section */

/* Begin PBXTargetDependency section */
		493545C31FE857B7003440E3 /* PBXTargetDependency */ = {
			isa = PBXTargetDependency;
			target = 493545B61FE857B6003440E3 /* UnityKit */;
			targetProxy = 493545C21FE857B7003440E3 /* PBXContainerItemProxy */;
		};
/* End PBXTargetDependency section */

/* Begin XCBuildConfiguration section */
		493545C91FE857B7003440E3 /* Debug */ = {
			isa = XCBuildConfiguration;
			buildSettings = {
				ALWAYS_SEARCH_USER_PATHS = NO;
				CLANG_ANALYZER_NONNULL = YES;
				CLANG_ANALYZER_NUMBER_OBJECT_CONVERSION = YES_AGGRESSIVE;
				CLANG_CXX_LANGUAGE_STANDARD = "gnu++14";
				CLANG_CXX_LIBRARY = "libc++";
				CLANG_ENABLE_MODULES = YES;
				CLANG_ENABLE_OBJC_ARC = YES;
				CLANG_WARN_BLOCK_CAPTURE_AUTORELEASING = YES;
				CLANG_WARN_BOOL_CONVERSION = YES;
				CLANG_WARN_COMMA = YES;
				CLANG_WARN_CONSTANT_CONVERSION = YES;
				CLANG_WARN_DIRECT_OBJC_ISA_USAGE = YES_ERROR;
				CLANG_WARN_DOCUMENTATION_COMMENTS = YES;
				CLANG_WARN_EMPTY_BODY = YES;
				CLANG_WARN_ENUM_CONVERSION = YES;
				CLANG_WARN_INFINITE_RECURSION = YES;
				CLANG_WARN_INT_CONVERSION = YES;
				CLANG_WARN_NON_LITERAL_NULL_CONVERSION = YES;
				CLANG_WARN_OBJC_LITERAL_CONVERSION = YES;
				CLANG_WARN_OBJC_ROOT_CLASS = YES_ERROR;
				CLANG_WARN_RANGE_LOOP_ANALYSIS = YES;
				CLANG_WARN_STRICT_PROTOTYPES = YES;
				CLANG_WARN_SUSPICIOUS_MOVE = YES;
				CLANG_WARN_UNGUARDED_AVAILABILITY = YES_AGGRESSIVE;
				CLANG_WARN_UNREACHABLE_CODE = YES;
				CLANG_WARN__DUPLICATE_METHOD_MATCH = YES;
				CODE_SIGN_IDENTITY = "iPhone Developer";
				COPY_PHASE_STRIP = NO;
				CURRENT_PROJECT_VERSION = 1;
				DEBUG_INFORMATION_FORMAT = dwarf;
				ENABLE_STRICT_OBJC_MSGSEND = YES;
				ENABLE_TESTABILITY = YES;
				GCC_C_LANGUAGE_STANDARD = gnu11;
				GCC_DYNAMIC_NO_PIC = NO;
				GCC_NO_COMMON_BLOCKS = YES;
				GCC_OPTIMIZATION_LEVEL = 0;
				GCC_PREPROCESSOR_DEFINITIONS = (
					"DEBUG=1",
					"$(inherited)",
				);
				GCC_WARN_64_TO_32_BIT_CONVERSION = YES;
				GCC_WARN_ABOUT_RETURN_TYPE = YES_ERROR;
				GCC_WARN_UNDECLARED_SELECTOR = YES;
				GCC_WARN_UNINITIALIZED_AUTOS = YES_AGGRESSIVE;
				GCC_WARN_UNUSED_FUNCTION = YES;
				GCC_WARN_UNUSED_VARIABLE = YES;
				IPHONEOS_DEPLOYMENT_TARGET = 11.2;
				MTL_ENABLE_DEBUG_INFO = YES;
				ONLY_ACTIVE_ARCH = YES;
				SDKROOT = iphoneos;
				SWIFT_ACTIVE_COMPILATION_CONDITIONS = DEBUG;
				SWIFT_OPTIMIZATION_LEVEL = "-Onone";
				VERSIONING_SYSTEM = "apple-generic";
				VERSION_INFO_PREFIX = "";
			};
			name = Debug;
		};
		493545CA1FE857B7003440E3 /* Release */ = {
			isa = XCBuildConfiguration;
			buildSettings = {
				ALWAYS_SEARCH_USER_PATHS = NO;
				CLANG_ANALYZER_NONNULL = YES;
				CLANG_ANALYZER_NUMBER_OBJECT_CONVERSION = YES_AGGRESSIVE;
				CLANG_CXX_LANGUAGE_STANDARD = "gnu++14";
				CLANG_CXX_LIBRARY = "libc++";
				CLANG_ENABLE_MODULES = YES;
				CLANG_ENABLE_OBJC_ARC = YES;
				CLANG_WARN_BLOCK_CAPTURE_AUTORELEASING = YES;
				CLANG_WARN_BOOL_CONVERSION = YES;
				CLANG_WARN_COMMA = YES;
				CLANG_WARN_CONSTANT_CONVERSION = YES;
				CLANG_WARN_DIRECT_OBJC_ISA_USAGE = YES_ERROR;
				CLANG_WARN_DOCUMENTATION_COMMENTS = YES;
				CLANG_WARN_EMPTY_BODY = YES;
				CLANG_WARN_ENUM_CONVERSION = YES;
				CLANG_WARN_INFINITE_RECURSION = YES;
				CLANG_WARN_INT_CONVERSION = YES;
				CLANG_WARN_NON_LITERAL_NULL_CONVERSION = YES;
				CLANG_WARN_OBJC_LITERAL_CONVERSION = YES;
				CLANG_WARN_OBJC_ROOT_CLASS = YES_ERROR;
				CLANG_WARN_RANGE_LOOP_ANALYSIS = YES;
				CLANG_WARN_STRICT_PROTOTYPES = YES;
				CLANG_WARN_SUSPICIOUS_MOVE = YES;
				CLANG_WARN_UNGUARDED_AVAILABILITY = YES_AGGRESSIVE;
				CLANG_WARN_UNREACHABLE_CODE = YES;
				CLANG_WARN__DUPLICATE_METHOD_MATCH = YES;
				CODE_SIGN_IDENTITY = "iPhone Developer";
				COPY_PHASE_STRIP = NO;
				CURRENT_PROJECT_VERSION = 1;
				DEBUG_INFORMATION_FORMAT = "dwarf-with-dsym";
				ENABLE_NS_ASSERTIONS = NO;
				ENABLE_STRICT_OBJC_MSGSEND = YES;
				GCC_C_LANGUAGE_STANDARD = gnu11;
				GCC_NO_COMMON_BLOCKS = YES;
				GCC_WARN_64_TO_32_BIT_CONVERSION = YES;
				GCC_WARN_ABOUT_RETURN_TYPE = YES_ERROR;
				GCC_WARN_UNDECLARED_SELECTOR = YES;
				GCC_WARN_UNINITIALIZED_AUTOS = YES_AGGRESSIVE;
				GCC_WARN_UNUSED_FUNCTION = YES;
				GCC_WARN_UNUSED_VARIABLE = YES;
				IPHONEOS_DEPLOYMENT_TARGET = 11.2;
				MTL_ENABLE_DEBUG_INFO = NO;
				SDKROOT = iphoneos;
				SWIFT_OPTIMIZATION_LEVEL = "-Owholemodule";
				VALIDATE_PRODUCT = YES;
				VERSIONING_SYSTEM = "apple-generic";
				VERSION_INFO_PREFIX = "";
			};
			name = Release;
		};
		493545CC1FE857B7003440E3 /* Debug */ = {
			isa = XCBuildConfiguration;
			buildSettings = {
				CLANG_ENABLE_MODULES = YES;
				CODE_SIGN_IDENTITY = "";
				CODE_SIGN_STYLE = Automatic;
				DEFINES_MODULE = YES;
				DEVELOPMENT_TEAM = 586B4BE6BL;
				DYLIB_COMPATIBILITY_VERSION = 1;
				DYLIB_CURRENT_VERSION = 1;
				DYLIB_INSTALL_NAME_BASE = "@rpath";
				INFOPLIST_FILE = UnityKit/Info.plist;
				INSTALL_PATH = "$(LOCAL_LIBRARY_DIR)/Frameworks";
				IPHONEOS_DEPLOYMENT_TARGET = 11.0;
				LD_RUNPATH_SEARCH_PATHS = "$(inherited) @executable_path/Frameworks @loader_path/Frameworks";
				PRODUCT_BUNDLE_IDENTIFIER = com.kevinmalkic.UnityKit;
				PRODUCT_NAME = "$(TARGET_NAME:c99extidentifier)";
				SKIP_INSTALL = YES;
				SWIFT_OPTIMIZATION_LEVEL = "-Onone";
				SWIFT_VERSION = 4.0;
				TARGETED_DEVICE_FAMILY = "1,2";
			};
			name = Debug;
		};
		493545CD1FE857B7003440E3 /* Release */ = {
			isa = XCBuildConfiguration;
			buildSettings = {
				CLANG_ENABLE_MODULES = YES;
				CODE_SIGN_IDENTITY = "";
				CODE_SIGN_STYLE = Automatic;
				DEFINES_MODULE = YES;
				DEVELOPMENT_TEAM = 586B4BE6BL;
				DYLIB_COMPATIBILITY_VERSION = 1;
				DYLIB_CURRENT_VERSION = 1;
				DYLIB_INSTALL_NAME_BASE = "@rpath";
				INFOPLIST_FILE = UnityKit/Info.plist;
				INSTALL_PATH = "$(LOCAL_LIBRARY_DIR)/Frameworks";
				IPHONEOS_DEPLOYMENT_TARGET = 11.0;
				LD_RUNPATH_SEARCH_PATHS = "$(inherited) @executable_path/Frameworks @loader_path/Frameworks";
				PRODUCT_BUNDLE_IDENTIFIER = com.kevinmalkic.UnityKit;
				PRODUCT_NAME = "$(TARGET_NAME:c99extidentifier)";
				SKIP_INSTALL = YES;
				SWIFT_VERSION = 4.0;
				TARGETED_DEVICE_FAMILY = "1,2";
			};
			name = Release;
		};
		493545CF1FE857B7003440E3 /* Debug */ = {
			isa = XCBuildConfiguration;
			buildSettings = {
				ALWAYS_EMBED_SWIFT_STANDARD_LIBRARIES = YES;
				CODE_SIGN_STYLE = Automatic;
				DEVELOPMENT_TEAM = 586B4BE6BL;
				INFOPLIST_FILE = LazySceneKitTests/Info.plist;
				LD_RUNPATH_SEARCH_PATHS = "$(inherited) @executable_path/Frameworks @loader_path/Frameworks";
				PRODUCT_BUNDLE_IDENTIFIER = com.kevinmalkic.LazySceneKitTests;
				PRODUCT_NAME = "$(TARGET_NAME)";
				SWIFT_VERSION = 4.0;
				TARGETED_DEVICE_FAMILY = "1,2";
			};
			name = Debug;
		};
		493545D01FE857B7003440E3 /* Release */ = {
			isa = XCBuildConfiguration;
			buildSettings = {
				ALWAYS_EMBED_SWIFT_STANDARD_LIBRARIES = YES;
				CODE_SIGN_STYLE = Automatic;
				DEVELOPMENT_TEAM = 586B4BE6BL;
				INFOPLIST_FILE = LazySceneKitTests/Info.plist;
				LD_RUNPATH_SEARCH_PATHS = "$(inherited) @executable_path/Frameworks @loader_path/Frameworks";
				PRODUCT_BUNDLE_IDENTIFIER = com.kevinmalkic.LazySceneKitTests;
				PRODUCT_NAME = "$(TARGET_NAME)";
				SWIFT_VERSION = 4.0;
				TARGETED_DEVICE_FAMILY = "1,2";
			};
			name = Release;
		};
/* End XCBuildConfiguration section */

/* Begin XCConfigurationList section */
		493545B11FE857B6003440E3 /* Build configuration list for PBXProject "UnityKit" */ = {
			isa = XCConfigurationList;
			buildConfigurations = (
				493545C91FE857B7003440E3 /* Debug */,
				493545CA1FE857B7003440E3 /* Release */,
			);
			defaultConfigurationIsVisible = 0;
			defaultConfigurationName = Release;
		};
		493545CB1FE857B7003440E3 /* Build configuration list for PBXNativeTarget "UnityKit" */ = {
			isa = XCConfigurationList;
			buildConfigurations = (
				493545CC1FE857B7003440E3 /* Debug */,
				493545CD1FE857B7003440E3 /* Release */,
			);
			defaultConfigurationIsVisible = 0;
			defaultConfigurationName = Release;
		};
		493545CE1FE857B7003440E3 /* Build configuration list for PBXNativeTarget "UnityKitTests" */ = {
			isa = XCConfigurationList;
			buildConfigurations = (
				493545CF1FE857B7003440E3 /* Debug */,
				493545D01FE857B7003440E3 /* Release */,
			);
			defaultConfigurationIsVisible = 0;
			defaultConfigurationName = Release;
		};
/* End XCConfigurationList section */
	};
	rootObject = 493545AE1FE857B6003440E3 /* Project object */;
}
